
Microsoft Visual Studio Solution File, Format Version 12.00
# Visual Studio Version 16
VisualStudioVersion = 16.0.28705.295
MinimumVisualStudioVersion = 10.0.40219.1
Project("{FAE04EC0-301F-11D3-BF4B-00C04F79EFBC}") = "BooksApi", "BooksApi\BooksApi.csproj", "{D5DDEDC2-96E2-49EF-B73E-BC89322608AB}"
EndProject
Global
	GlobalSection(SolutionConfigurationPlatforms) = preSolution
		Debug|Any CPU = Debug|Any CPU
		Release|Any CPU = Release|Any CPU
	EndGlobalSection
	GlobalSection(ProjectConfigurationPlatforms) = postSolution
		{D5DDEDC2-96E2-49EF-B73E-BC89322608AB}.Debug|Any CPU.ActiveCfg = Debug|Any CPU
		{D5DDEDC2-96E2-49EF-B73E-BC89322608AB}.Debug|Any CPU.Build.0 = Debug|Any CPU
		{D5DDEDC2-96E2-49EF-B73E-BC89322608AB}.Release|Any CPU.ActiveCfg = Release|Any CPU
		{D5DDEDC2-96E2-49EF-B73E-BC89322608AB}.Release|Any CPU.Build.0 = Release|Any CPU
	EndGlobalSection
	GlobalSection(SolutionProperties) = preSolution
		HideSolutionNode = FALSE
	EndGlobalSection
	GlobalSection(ExtensibilityGlobals) = postSolution
		SolutionGuid = {A34792BB-3321-4A1B-854D-25BB59AFD372}
	EndGlobalSection
EndGlobal
